
Microsoft Visual Studio Solution File, Format Version 12.00
# Visual Studio Version 17
VisualStudioVersion = 17.4.33213.308
MinimumVisualStudioVersion = 10.0.40219.1
Project("{FAE04EC0-301F-11D3-BF4B-00C04F79EFBC}") = "Deliverable(3)", "Deliverable(3)\Deliverable(3).csproj", "{64ADBDEB-7CDE-4ECE-A512-229E877F7543}"
EndProject
Global
	GlobalSection(SolutionConfigurationPlatforms) = preSolution
		Debug|Any CPU = Debug|Any CPU
		Release|Any CPU = Release|Any CPU
	EndGlobalSection
	GlobalSection(ProjectConfigurationPlatforms) = postSolution
		{64ADBDEB-7CDE-4ECE-A512-229E877F7543}.Debug|Any CPU.ActiveCfg = Debug|Any CPU
		{64ADBDEB-7CDE-4ECE-A512-229E877F7543}.Debug|Any CPU.Build.0 = Debug|Any CPU
		{64ADBDEB-7CDE-4ECE-A512-229E877F7543}.Release|Any CPU.ActiveCfg = Release|Any CPU
		{64ADBDEB-7CDE-4ECE-A512-229E877F7543}.Release|Any CPU.Build.0 = Release|Any CPU
	EndGlobalSection
	GlobalSection(SolutionProperties) = preSolution
		HideSolutionNode = FALSE
	EndGlobalSection
	GlobalSection(ExtensibilityGlobals) = postSolution
		SolutionGuid = {5B87F3BA-45B7-4D78-A59B-10A9A653CEDA}
	EndGlobalSection
EndGlobal
